// !$*UTF8*$!
{
	archiveVersion = 1;
	classes = {
	};
	objectVersion = 56;
	objects = {

/* Begin PBXBuildFile section */
		232784CB56F6A5765513957F /* Pods_Tracker.framework in Frameworks */ = {isa = PBXBuildFile; fileRef = 81D12679BEAD60DD28E0A839 /* Pods_Tracker.framework */; };
		A80D0CCB2B264E9300C44AF0 /* ChooseTypeTrackerViewController.swift in Sources */ = {isa = PBXBuildFile; fileRef = A80D0CCA2B264E9300C44AF0 /* ChooseTypeTrackerViewController.swift */; };
		A80D0CCD2B2665E600C44AF0 /* CreateNewTrackerViewController.swift in Sources */ = {isa = PBXBuildFile; fileRef = A80D0CCC2B2665E600C44AF0 /* CreateNewTrackerViewController.swift */; };
		A80D0CCF2B2676B700C44AF0 /* TrackerTableCell.swift in Sources */ = {isa = PBXBuildFile; fileRef = A80D0CCE2B2676B700C44AF0 /* TrackerTableCell.swift */; };
		A80D0CD22B2B7A7900C44AF0 /* EmojiCollectionViewCell.swift in Sources */ = {isa = PBXBuildFile; fileRef = A80D0CD12B2B7A7900C44AF0 /* EmojiCollectionViewCell.swift */; };
		A80D0CD42B2CC00500C44AF0 /* TrackerCollectionViewHeader.swift in Sources */ = {isa = PBXBuildFile; fileRef = A80D0CD32B2CC00500C44AF0 /* TrackerCollectionViewHeader.swift */; };
		A80D0CD62B2DD8FC00C44AF0 /* ColorCollectionViewCell.swift in Sources */ = {isa = PBXBuildFile; fileRef = A80D0CD52B2DD8FC00C44AF0 /* ColorCollectionViewCell.swift */; };
		A80D0CD82B2E240F00C44AF0 /* ScheduleViewController.swift in Sources */ = {isa = PBXBuildFile; fileRef = A80D0CD72B2E240F00C44AF0 /* ScheduleViewController.swift */; };
		A80D0CDB2B2E475600C44AF0 /* ScheduleTableCell.swift in Sources */ = {isa = PBXBuildFile; fileRef = A80D0CDA2B2E475600C44AF0 /* ScheduleTableCell.swift */; };
		A8A516E12B31D079001C4C56 /* SF-Pro.ttf in Resources */ = {isa = PBXBuildFile; fileRef = A8A516E02B31D079001C4C56 /* SF-Pro.ttf */; };
		A8A516E42B31E795001C4C56 /* ScheduleModel.swift in Sources */ = {isa = PBXBuildFile; fileRef = A8A516E32B31E795001C4C56 /* ScheduleModel.swift */; };
		A8A516E62B31E7DE001C4C56 /* TrackerRecordModel.swift in Sources */ = {isa = PBXBuildFile; fileRef = A8A516E52B31E7DE001C4C56 /* TrackerRecordModel.swift */; };
		A8A516E82B31E7FC001C4C56 /* TrackerCategoryModel.swift in Sources */ = {isa = PBXBuildFile; fileRef = A8A516E72B31E7FC001C4C56 /* TrackerCategoryModel.swift */; };
		A8A516EB2B31E86A001C4C56 /* GeometricParamsModel.swift in Sources */ = {isa = PBXBuildFile; fileRef = A8A516EA2B31E86A001C4C56 /* GeometricParamsModel.swift */; };
		A8A516EE2B321D96001C4C56 /* Tracker.xcdatamodeld in Sources */ = {isa = PBXBuildFile; fileRef = A8A516EC2B321D96001C4C56 /* Tracker.xcdatamodeld */; };
		A8A517142B33013C001C4C56 /* TrackerStore.swift in Sources */ = {isa = PBXBuildFile; fileRef = A8A517132B33013C001C4C56 /* TrackerStore.swift */; };
		A8A517162B3309E1001C4C56 /* TrackerCategoryStore.swift in Sources */ = {isa = PBXBuildFile; fileRef = A8A517152B3309E1001C4C56 /* TrackerCategoryStore.swift */; };
		A8A517182B330A0F001C4C56 /* TrackerRecordStore.swift in Sources */ = {isa = PBXBuildFile; fileRef = A8A517172B330A0F001C4C56 /* TrackerRecordStore.swift */; };
		A8A5171A2B330CA2001C4C56 /* UIColorMarshalling.swift in Sources */ = {isa = PBXBuildFile; fileRef = A8A517192B330CA2001C4C56 /* UIColorMarshalling.swift */; };
		A8A5171D2B3603F3001C4C56 /* OnboardingViewController.swift in Sources */ = {isa = PBXBuildFile; fileRef = A8A5171C2B3603F3001C4C56 /* OnboardingViewController.swift */; };
		A8A5171F2B361817001C4C56 /* PageOnboardingViewController.swift in Sources */ = {isa = PBXBuildFile; fileRef = A8A5171E2B361817001C4C56 /* PageOnboardingViewController.swift */; };
		A8A517222B36EADC001C4C56 /* CategoriesViewController.swift in Sources */ = {isa = PBXBuildFile; fileRef = A8A517212B36EADC001C4C56 /* CategoriesViewController.swift */; };
		A8A517242B36EAF2001C4C56 /* CategoryViewController.swift in Sources */ = {isa = PBXBuildFile; fileRef = A8A517232B36EAF2001C4C56 /* CategoryViewController.swift */; };
		A8A517262B36EB81001C4C56 /* CategoriesViewModel.swift in Sources */ = {isa = PBXBuildFile; fileRef = A8A517252B36EB81001C4C56 /* CategoriesViewModel.swift */; };
		A8A517282B36EC03001C4C56 /* CategoryTableCell.swift in Sources */ = {isa = PBXBuildFile; fileRef = A8A517272B36EC03001C4C56 /* CategoryTableCell.swift */; };
		A8A5172C2B39F5C2001C4C56 /* Observable.swift in Sources */ = {isa = PBXBuildFile; fileRef = A8A5172B2B39F5C2001C4C56 /* Observable.swift */; };
		A8A517472B4093A4001C4C56 /* Localizable.strings in Resources */ = {isa = PBXBuildFile; fileRef = A8A517492B4093A4001C4C56 /* Localizable.strings */; };
		A8A517532B409BB3001C4C56 /* Localizable.stringsdict in Resources */ = {isa = PBXBuildFile; fileRef = A8A517552B409BB3001C4C56 /* Localizable.stringsdict */; };
		A8A517832B40CD14001C4C56 /* TrackerTests.swift in Sources */ = {isa = PBXBuildFile; fileRef = A8A517822B40CD14001C4C56 /* TrackerTests.swift */; };
		A8A5178B2B40CD4A001C4C56 /* InlineSnapshotTesting in Frameworks */ = {isa = PBXBuildFile; productRef = A8A5178A2B40CD4A001C4C56 /* InlineSnapshotTesting */; };
		A8A5178D2B40CD4A001C4C56 /* SnapshotTesting in Frameworks */ = {isa = PBXBuildFile; productRef = A8A5178C2B40CD4A001C4C56 /* SnapshotTesting */; };
		A8AC66962AF2A8E900AA5C7E /* AppDelegate.swift in Sources */ = {isa = PBXBuildFile; fileRef = A8AC66952AF2A8E900AA5C7E /* AppDelegate.swift */; };
		A8AC66982AF2A8E900AA5C7E /* SceneDelegate.swift in Sources */ = {isa = PBXBuildFile; fileRef = A8AC66972AF2A8E900AA5C7E /* SceneDelegate.swift */; };
		A8AC669F2AF2A8EA00AA5C7E /* Assets.xcassets in Resources */ = {isa = PBXBuildFile; fileRef = A8AC669E2AF2A8EA00AA5C7E /* Assets.xcassets */; };
		A8AC66A22AF2A8EA00AA5C7E /* LaunchScreen.storyboard in Resources */ = {isa = PBXBuildFile; fileRef = A8AC66A02AF2A8EA00AA5C7E /* LaunchScreen.storyboard */; };
		A8AC66AA2AF2B6A100AA5C7E /* TabBarController.swift in Sources */ = {isa = PBXBuildFile; fileRef = A8AC66A92AF2B6A100AA5C7E /* TabBarController.swift */; };
		A8AC66AD2AF2B73D00AA5C7E /* TrackersViewController.swift in Sources */ = {isa = PBXBuildFile; fileRef = A8AC66AC2AF2B73D00AA5C7E /* TrackersViewController.swift */; };
		A8AC66AF2AF2B7CA00AA5C7E /* StatisticsViewController.swift in Sources */ = {isa = PBXBuildFile; fileRef = A8AC66AE2AF2B7CA00AA5C7E /* StatisticsViewController.swift */; };
		A8AC66B82AF2C0B100AA5C7E /* Main.storyboard in Resources */ = {isa = PBXBuildFile; fileRef = A8AC66B72AF2C0B100AA5C7E /* Main.storyboard */; };
		A8AC67252AF4C2A100AA5C7E /* TrackerModel.swift in Sources */ = {isa = PBXBuildFile; fileRef = A8AC67242AF4C2A100AA5C7E /* TrackerModel.swift */; };
		A8AC67272B00F25A00AA5C7E /* TrackerRecordViewCell.swift in Sources */ = {isa = PBXBuildFile; fileRef = A8AC67262B00F25900AA5C7E /* TrackerRecordViewCell.swift */; };
		A8AC67292B00F3E300AA5C7E /* TrackerCategoryViewHeader.swift in Sources */ = {isa = PBXBuildFile; fileRef = A8AC67282B00F3E300AA5C7E /* TrackerCategoryViewHeader.swift */; };
		A8AC672E2B0A6F4700AA5C7E /* UIColor+Extensions.swift in Sources */ = {isa = PBXBuildFile; fileRef = A8AC672D2B0A6F4700AA5C7E /* UIColor+Extensions.swift */; };
		A8AC67352B0A72C400AA5C7E /* Constants.swift in Sources */ = {isa = PBXBuildFile; fileRef = A8AC67342B0A72C400AA5C7E /* Constants.swift */; };
/* End PBXBuildFile section */

/* Begin PBXContainerItemProxy section */
		A8A517842B40CD14001C4C56 /* PBXContainerItemProxy */ = {
			isa = PBXContainerItemProxy;
			containerPortal = A8AC668A2AF2A8E900AA5C7E /* Project object */;
			proxyType = 1;
			remoteGlobalIDString = A8AC66912AF2A8E900AA5C7E;
			remoteInfo = Tracker;
		};
/* End PBXContainerItemProxy section */

/* Begin PBXFileReference section */
		5C856C14C5366CB53DBA329F /* Pods-Tracker.debug.xcconfig */ = {isa = PBXFileReference; includeInIndex = 1; lastKnownFileType = text.xcconfig; name = "Pods-Tracker.debug.xcconfig"; path = "Target Support Files/Pods-Tracker/Pods-Tracker.debug.xcconfig"; sourceTree = "<group>"; };
		78C14DF143E1331BC12860CE /* Pods-Tracker.release.xcconfig */ = {isa = PBXFileReference; includeInIndex = 1; lastKnownFileType = text.xcconfig; name = "Pods-Tracker.release.xcconfig"; path = "Target Support Files/Pods-Tracker/Pods-Tracker.release.xcconfig"; sourceTree = "<group>"; };
		81D12679BEAD60DD28E0A839 /* Pods_Tracker.framework */ = {isa = PBXFileReference; explicitFileType = wrapper.framework; includeInIndex = 0; path = Pods_Tracker.framework; sourceTree = BUILT_PRODUCTS_DIR; };
		A80D0CCA2B264E9300C44AF0 /* ChooseTypeTrackerViewController.swift */ = {isa = PBXFileReference; lastKnownFileType = sourcecode.swift; path = ChooseTypeTrackerViewController.swift; sourceTree = "<group>"; };
		A80D0CCC2B2665E600C44AF0 /* CreateNewTrackerViewController.swift */ = {isa = PBXFileReference; lastKnownFileType = sourcecode.swift; path = CreateNewTrackerViewController.swift; sourceTree = "<group>"; };
		A80D0CCE2B2676B700C44AF0 /* TrackerTableCell.swift */ = {isa = PBXFileReference; lastKnownFileType = sourcecode.swift; path = TrackerTableCell.swift; sourceTree = "<group>"; };
		A80D0CD12B2B7A7900C44AF0 /* EmojiCollectionViewCell.swift */ = {isa = PBXFileReference; lastKnownFileType = sourcecode.swift; path = EmojiCollectionViewCell.swift; sourceTree = "<group>"; };
		A80D0CD32B2CC00500C44AF0 /* TrackerCollectionViewHeader.swift */ = {isa = PBXFileReference; lastKnownFileType = sourcecode.swift; path = TrackerCollectionViewHeader.swift; sourceTree = "<group>"; };
		A80D0CD52B2DD8FC00C44AF0 /* ColorCollectionViewCell.swift */ = {isa = PBXFileReference; lastKnownFileType = sourcecode.swift; path = ColorCollectionViewCell.swift; sourceTree = "<group>"; };
		A80D0CD72B2E240F00C44AF0 /* ScheduleViewController.swift */ = {isa = PBXFileReference; lastKnownFileType = sourcecode.swift; path = ScheduleViewController.swift; sourceTree = "<group>"; };
		A80D0CDA2B2E475600C44AF0 /* ScheduleTableCell.swift */ = {isa = PBXFileReference; lastKnownFileType = sourcecode.swift; path = ScheduleTableCell.swift; sourceTree = "<group>"; };
		A8A516E02B31D079001C4C56 /* SF-Pro.ttf */ = {isa = PBXFileReference; lastKnownFileType = file; path = "SF-Pro.ttf"; sourceTree = "<group>"; };
		A8A516E32B31E795001C4C56 /* ScheduleModel.swift */ = {isa = PBXFileReference; lastKnownFileType = sourcecode.swift; path = ScheduleModel.swift; sourceTree = "<group>"; };
		A8A516E52B31E7DE001C4C56 /* TrackerRecordModel.swift */ = {isa = PBXFileReference; lastKnownFileType = sourcecode.swift; path = TrackerRecordModel.swift; sourceTree = "<group>"; };
		A8A516E72B31E7FC001C4C56 /* TrackerCategoryModel.swift */ = {isa = PBXFileReference; lastKnownFileType = sourcecode.swift; path = TrackerCategoryModel.swift; sourceTree = "<group>"; };
		A8A516EA2B31E86A001C4C56 /* GeometricParamsModel.swift */ = {isa = PBXFileReference; lastKnownFileType = sourcecode.swift; path = GeometricParamsModel.swift; sourceTree = "<group>"; };
		A8A516ED2B321D96001C4C56 /* CoreData.xcdatamodel */ = {isa = PBXFileReference; lastKnownFileType = wrapper.xcdatamodel; path = CoreData.xcdatamodel; sourceTree = "<group>"; };
		A8A517132B33013C001C4C56 /* TrackerStore.swift */ = {isa = PBXFileReference; lastKnownFileType = sourcecode.swift; path = TrackerStore.swift; sourceTree = "<group>"; };
		A8A517152B3309E1001C4C56 /* TrackerCategoryStore.swift */ = {isa = PBXFileReference; lastKnownFileType = sourcecode.swift; path = TrackerCategoryStore.swift; sourceTree = "<group>"; };
		A8A517172B330A0F001C4C56 /* TrackerRecordStore.swift */ = {isa = PBXFileReference; lastKnownFileType = sourcecode.swift; path = TrackerRecordStore.swift; sourceTree = "<group>"; };
		A8A517192B330CA2001C4C56 /* UIColorMarshalling.swift */ = {isa = PBXFileReference; lastKnownFileType = sourcecode.swift; path = UIColorMarshalling.swift; sourceTree = "<group>"; };
		A8A5171C2B3603F3001C4C56 /* OnboardingViewController.swift */ = {isa = PBXFileReference; lastKnownFileType = sourcecode.swift; path = OnboardingViewController.swift; sourceTree = "<group>"; };
		A8A5171E2B361817001C4C56 /* PageOnboardingViewController.swift */ = {isa = PBXFileReference; lastKnownFileType = sourcecode.swift; path = PageOnboardingViewController.swift; sourceTree = "<group>"; };
		A8A517212B36EADC001C4C56 /* CategoriesViewController.swift */ = {isa = PBXFileReference; lastKnownFileType = sourcecode.swift; path = CategoriesViewController.swift; sourceTree = "<group>"; };
		A8A517232B36EAF2001C4C56 /* CategoryViewController.swift */ = {isa = PBXFileReference; lastKnownFileType = sourcecode.swift; path = CategoryViewController.swift; sourceTree = "<group>"; };
		A8A517252B36EB81001C4C56 /* CategoriesViewModel.swift */ = {isa = PBXFileReference; lastKnownFileType = sourcecode.swift; path = CategoriesViewModel.swift; sourceTree = "<group>"; };
		A8A517272B36EC03001C4C56 /* CategoryTableCell.swift */ = {isa = PBXFileReference; lastKnownFileType = sourcecode.swift; path = CategoryTableCell.swift; sourceTree = "<group>"; };
		A8A5172B2B39F5C2001C4C56 /* Observable.swift */ = {isa = PBXFileReference; lastKnownFileType = sourcecode.swift; path = Observable.swift; sourceTree = "<group>"; };
		A8A517482B4093A4001C4C56 /* en */ = {isa = PBXFileReference; lastKnownFileType = text.plist.strings; name = en; path = en.lproj/Localizable.strings; sourceTree = "<group>"; };
		A8A5174A2B4093DE001C4C56 /* ru */ = {isa = PBXFileReference; lastKnownFileType = text.plist.strings; name = ru; path = ru.lproj/Localizable.strings; sourceTree = "<group>"; };
		A8A517542B409BB3001C4C56 /* ru */ = {isa = PBXFileReference; lastKnownFileType = text.plist.stringsdict; name = ru; path = ru.lproj/Localizable.stringsdict; sourceTree = "<group>"; };
		A8A517562B409BBB001C4C56 /* en */ = {isa = PBXFileReference; lastKnownFileType = text.plist.stringsdict; name = en; path = en.lproj/Localizable.stringsdict; sourceTree = "<group>"; };
		A8A517802B40CD14001C4C56 /* TrackerTests.xctest */ = {isa = PBXFileReference; explicitFileType = wrapper.cfbundle; includeInIndex = 0; path = TrackerTests.xctest; sourceTree = BUILT_PRODUCTS_DIR; };
		A8A517822B40CD14001C4C56 /* TrackerTests.swift */ = {isa = PBXFileReference; lastKnownFileType = sourcecode.swift; path = TrackerTests.swift; sourceTree = "<group>"; };
		A8AC66922AF2A8E900AA5C7E /* Tracker.app */ = {isa = PBXFileReference; explicitFileType = wrapper.application; includeInIndex = 0; path = Tracker.app; sourceTree = BUILT_PRODUCTS_DIR; };
		A8AC66952AF2A8E900AA5C7E /* AppDelegate.swift */ = {isa = PBXFileReference; lastKnownFileType = sourcecode.swift; path = AppDelegate.swift; sourceTree = "<group>"; };
		A8AC66972AF2A8E900AA5C7E /* SceneDelegate.swift */ = {isa = PBXFileReference; lastKnownFileType = sourcecode.swift; path = SceneDelegate.swift; sourceTree = "<group>"; };
		A8AC669E2AF2A8EA00AA5C7E /* Assets.xcassets */ = {isa = PBXFileReference; lastKnownFileType = folder.assetcatalog; path = Assets.xcassets; sourceTree = "<group>"; };
		A8AC66A12AF2A8EA00AA5C7E /* Base */ = {isa = PBXFileReference; lastKnownFileType = file.storyboard; name = Base; path = Base.lproj/LaunchScreen.storyboard; sourceTree = "<group>"; };
		A8AC66A32AF2A8EA00AA5C7E /* Info.plist */ = {isa = PBXFileReference; lastKnownFileType = text.plist.xml; path = Info.plist; sourceTree = "<group>"; };
		A8AC66A92AF2B6A100AA5C7E /* TabBarController.swift */ = {isa = PBXFileReference; lastKnownFileType = sourcecode.swift; path = TabBarController.swift; sourceTree = "<group>"; };
		A8AC66AC2AF2B73D00AA5C7E /* TrackersViewController.swift */ = {isa = PBXFileReference; lastKnownFileType = sourcecode.swift; path = TrackersViewController.swift; sourceTree = "<group>"; };
		A8AC66AE2AF2B7CA00AA5C7E /* StatisticsViewController.swift */ = {isa = PBXFileReference; lastKnownFileType = sourcecode.swift; path = StatisticsViewController.swift; sourceTree = "<group>"; };
		A8AC66B72AF2C0B100AA5C7E /* Main.storyboard */ = {isa = PBXFileReference; lastKnownFileType = file.storyboard; path = Main.storyboard; sourceTree = "<group>"; };
		A8AC67242AF4C2A100AA5C7E /* TrackerModel.swift */ = {isa = PBXFileReference; lastKnownFileType = sourcecode.swift; path = TrackerModel.swift; sourceTree = "<group>"; };
		A8AC67262B00F25900AA5C7E /* TrackerRecordViewCell.swift */ = {isa = PBXFileReference; lastKnownFileType = sourcecode.swift; path = TrackerRecordViewCell.swift; sourceTree = "<group>"; };
		A8AC67282B00F3E300AA5C7E /* TrackerCategoryViewHeader.swift */ = {isa = PBXFileReference; lastKnownFileType = sourcecode.swift; path = TrackerCategoryViewHeader.swift; sourceTree = "<group>"; };
		A8AC672D2B0A6F4700AA5C7E /* UIColor+Extensions.swift */ = {isa = PBXFileReference; lastKnownFileType = sourcecode.swift; path = "UIColor+Extensions.swift"; sourceTree = "<group>"; };
		A8AC67342B0A72C400AA5C7E /* Constants.swift */ = {isa = PBXFileReference; lastKnownFileType = sourcecode.swift; path = Constants.swift; sourceTree = "<group>"; };
/* End PBXFileReference section */

/* Begin PBXFrameworksBuildPhase section */
		A8A5177D2B40CD14001C4C56 /* Frameworks */ = {
			isa = PBXFrameworksBuildPhase;
			buildActionMask = 2147483647;
			files = (
				A8A5178B2B40CD4A001C4C56 /* InlineSnapshotTesting in Frameworks */,
				A8A5178D2B40CD4A001C4C56 /* SnapshotTesting in Frameworks */,
			);
			runOnlyForDeploymentPostprocessing = 0;
		};
		A8AC668F2AF2A8E900AA5C7E /* Frameworks */ = {
			isa = PBXFrameworksBuildPhase;
			buildActionMask = 2147483647;
			files = (
				232784CB56F6A5765513957F /* Pods_Tracker.framework in Frameworks */,
			);
			runOnlyForDeploymentPostprocessing = 0;
		};
/* End PBXFrameworksBuildPhase section */

/* Begin PBXGroup section */
		8A7217AF60EEFCE19CB57087 /* Pods */ = {
			isa = PBXGroup;
			children = (
				5C856C14C5366CB53DBA329F /* Pods-Tracker.debug.xcconfig */,
				78C14DF143E1331BC12860CE /* Pods-Tracker.release.xcconfig */,
			);
			path = Pods;
			sourceTree = "<group>";
		};
		959148F57A54BFC5439C32A9 /* Frameworks */ = {
			isa = PBXGroup;
			children = (
				81D12679BEAD60DD28E0A839 /* Pods_Tracker.framework */,
			);
			name = Frameworks;
			sourceTree = "<group>";
		};
		A80D0CD02B2B7A4800C44AF0 /* Cells */ = {
			isa = PBXGroup;
			children = (
				A80D0CCE2B2676B700C44AF0 /* TrackerTableCell.swift */,
				A80D0CD12B2B7A7900C44AF0 /* EmojiCollectionViewCell.swift */,
				A80D0CD52B2DD8FC00C44AF0 /* ColorCollectionViewCell.swift */,
				A80D0CD32B2CC00500C44AF0 /* TrackerCollectionViewHeader.swift */,
			);
			path = Cells;
			sourceTree = "<group>";
		};
		A8A516E22B31E614001C4C56 /* Models */ = {
			isa = PBXGroup;
			children = (
				A8AC67242AF4C2A100AA5C7E /* TrackerModel.swift */,
				A8A516E32B31E795001C4C56 /* ScheduleModel.swift */,
				A8A516E72B31E7FC001C4C56 /* TrackerCategoryModel.swift */,
				A8A516E52B31E7DE001C4C56 /* TrackerRecordModel.swift */,
				A8A516EA2B31E86A001C4C56 /* GeometricParamsModel.swift */,
			);
			path = Models;
			sourceTree = "<group>";
		};
		A8A516EF2B323590001C4C56 /* CoreData */ = {
			isa = PBXGroup;
			children = (
				A8A516EC2B321D96001C4C56 /* Tracker.xcdatamodeld */,
				A8A517132B33013C001C4C56 /* TrackerStore.swift */,
				A8A517152B3309E1001C4C56 /* TrackerCategoryStore.swift */,
				A8A517172B330A0F001C4C56 /* TrackerRecordStore.swift */,
				A8A517192B330CA2001C4C56 /* UIColorMarshalling.swift */,
			);
			path = CoreData;
			sourceTree = "<group>";
		};
		A8A5171B2B3603D5001C4C56 /* Onboarding */ = {
			isa = PBXGroup;
			children = (
				A8A5171C2B3603F3001C4C56 /* OnboardingViewController.swift */,
				A8A5171E2B361817001C4C56 /* PageOnboardingViewController.swift */,
			);
			path = Onboarding;
			sourceTree = "<group>";
		};
		A8A517202B36EAA9001C4C56 /* Category */ = {
			isa = PBXGroup;
			children = (
				A8A517212B36EADC001C4C56 /* CategoriesViewController.swift */,
				A8A517252B36EB81001C4C56 /* CategoriesViewModel.swift */,
				A8A517272B36EC03001C4C56 /* CategoryTableCell.swift */,
				A8A517232B36EAF2001C4C56 /* CategoryViewController.swift */,
				A8A5172B2B39F5C2001C4C56 /* Observable.swift */,
			);
			path = Category;
			sourceTree = "<group>";
		};
		A8A517292B36EC47001C4C56 /* Schedule */ = {
			isa = PBXGroup;
			children = (
				A80D0CD72B2E240F00C44AF0 /* ScheduleViewController.swift */,
				A80D0CDA2B2E475600C44AF0 /* ScheduleTableCell.swift */,
			);
			path = Schedule;
			sourceTree = "<group>";
		};
		A8A5172A2B36EC71001C4C56 /* Tracker */ = {
			isa = PBXGroup;
			children = (
				A80D0CCC2B2665E600C44AF0 /* CreateNewTrackerViewController.swift */,
				A80D0CD02B2B7A4800C44AF0 /* Cells */,
			);
			path = Tracker;
			sourceTree = "<group>";
		};
		A8A517812B40CD14001C4C56 /* TrackerTests */ = {
			isa = PBXGroup;
			children = (
				A8A517822B40CD14001C4C56 /* TrackerTests.swift */,
			);
			path = TrackerTests;
			sourceTree = "<group>";
		};
		A8AC66892AF2A8E900AA5C7E = {
			isa = PBXGroup;
			children = (
				A8AC66942AF2A8E900AA5C7E /* Tracker */,
				A8A517812B40CD14001C4C56 /* TrackerTests */,
				A8AC66932AF2A8E900AA5C7E /* Products */,
				8A7217AF60EEFCE19CB57087 /* Pods */,
				959148F57A54BFC5439C32A9 /* Frameworks */,
			);
			sourceTree = "<group>";
		};
		A8AC66932AF2A8E900AA5C7E /* Products */ = {
			isa = PBXGroup;
			children = (
				A8AC66922AF2A8E900AA5C7E /* Tracker.app */,
				A8A517802B40CD14001C4C56 /* TrackerTests.xctest */,
			);
			name = Products;
			sourceTree = "<group>";
		};
		A8AC66942AF2A8E900AA5C7E /* Tracker */ = {
			isa = PBXGroup;
			children = (
				A8AC67342B0A72C400AA5C7E /* Constants.swift */,
				A8AC66A92AF2B6A100AA5C7E /* TabBarController.swift */,
				A8AC66AB2AF2B6B200AA5C7E /* Application */,
				A8A5171B2B3603D5001C4C56 /* Onboarding */,
				A8A516EF2B323590001C4C56 /* CoreData */,
				A8A516E22B31E614001C4C56 /* Models */,
				A8AC66B02AF2B7D200AA5C7E /* Trackers */,
				A8AC67362B123B1B00AA5C7E /* CreateTracker */,
				A8AC66B12AF2B7E100AA5C7E /* Statistics */,
				A8AC66B72AF2C0B100AA5C7E /* Main.storyboard */,
				A8AC66A32AF2A8EA00AA5C7E /* Info.plist */,
				A8AC672C2B0A6ED000AA5C7E /* Resources */,
			);
			path = Tracker;
			sourceTree = "<group>";
		};
		A8AC66AB2AF2B6B200AA5C7E /* Application */ = {
			isa = PBXGroup;
			children = (
				A8AC66A02AF2A8EA00AA5C7E /* LaunchScreen.storyboard */,
				A8AC66952AF2A8E900AA5C7E /* AppDelegate.swift */,
				A8AC66972AF2A8E900AA5C7E /* SceneDelegate.swift */,
			);
			path = Application;
			sourceTree = "<group>";
		};
		A8AC66B02AF2B7D200AA5C7E /* Trackers */ = {
			isa = PBXGroup;
			children = (
				A8AC66AC2AF2B73D00AA5C7E /* TrackersViewController.swift */,
				A8AC67262B00F25900AA5C7E /* TrackerRecordViewCell.swift */,
				A8AC67282B00F3E300AA5C7E /* TrackerCategoryViewHeader.swift */,
			);
			path = Trackers;
			sourceTree = "<group>";
		};
		A8AC66B12AF2B7E100AA5C7E /* Statistics */ = {
			isa = PBXGroup;
			children = (
				A8AC66AE2AF2B7CA00AA5C7E /* StatisticsViewController.swift */,
			);
			path = Statistics;
			sourceTree = "<group>";
		};
		A8AC672C2B0A6ED000AA5C7E /* Resources */ = {
			isa = PBXGroup;
			children = (
				A8AC672D2B0A6F4700AA5C7E /* UIColor+Extensions.swift */,
				A8AC67332B0A6FF900AA5C7E /* Fonts */,
				A8AC669E2AF2A8EA00AA5C7E /* Assets.xcassets */,
				A8A517492B4093A4001C4C56 /* Localizable.strings */,
				A8A517552B409BB3001C4C56 /* Localizable.stringsdict */,
			);
			path = Resources;
			sourceTree = "<group>";
		};
		A8AC67332B0A6FF900AA5C7E /* Fonts */ = {
			isa = PBXGroup;
			children = (
				A8A516E02B31D079001C4C56 /* SF-Pro.ttf */,
			);
			path = Fonts;
			sourceTree = "<group>";
		};
		A8AC67362B123B1B00AA5C7E /* CreateTracker */ = {
			isa = PBXGroup;
			children = (
				A80D0CCA2B264E9300C44AF0 /* ChooseTypeTrackerViewController.swift */,
				A8A5172A2B36EC71001C4C56 /* Tracker */,
				A8A517202B36EAA9001C4C56 /* Category */,
				A8A517292B36EC47001C4C56 /* Schedule */,
			);
			path = CreateTracker;
			sourceTree = "<group>";
		};
/* End PBXGroup section */

/* Begin PBXNativeTarget section */
		A8A5177F2B40CD14001C4C56 /* TrackerTests */ = {
			isa = PBXNativeTarget;
			buildConfigurationList = A8A517862B40CD14001C4C56 /* Build configuration list for PBXNativeTarget "TrackerTests" */;
			buildPhases = (
				A8A5177C2B40CD14001C4C56 /* Sources */,
				A8A5177D2B40CD14001C4C56 /* Frameworks */,
				A8A5177E2B40CD14001C4C56 /* Resources */,
			);
			buildRules = (
			);
			dependencies = (
				A8A517852B40CD14001C4C56 /* PBXTargetDependency */,
			);
			name = TrackerTests;
			packageProductDependencies = (
				A8A5178A2B40CD4A001C4C56 /* InlineSnapshotTesting */,
				A8A5178C2B40CD4A001C4C56 /* SnapshotTesting */,
			);
			productName = TrackerTests;
			productReference = A8A517802B40CD14001C4C56 /* TrackerTests.xctest */;
			productType = "com.apple.product-type.bundle.unit-test";
		};
		A8AC66912AF2A8E900AA5C7E /* Tracker */ = {
			isa = PBXNativeTarget;
			buildConfigurationList = A8AC66A62AF2A8EA00AA5C7E /* Build configuration list for PBXNativeTarget "Tracker" */;
			buildPhases = (
				B3EC06CA63C142F92A4DE285 /* [CP] Check Pods Manifest.lock */,
				A8AC668E2AF2A8E900AA5C7E /* Sources */,
				A8AC668F2AF2A8E900AA5C7E /* Frameworks */,
				A8AC66902AF2A8E900AA5C7E /* Resources */,
				28271EC3936B1157E8E62F99 /* [CP] Embed Pods Frameworks */,
			);
			buildRules = (
			);
			dependencies = (
			);
			name = Tracker;
			productName = Tracker;
			productReference = A8AC66922AF2A8E900AA5C7E /* Tracker.app */;
			productType = "com.apple.product-type.application";
		};
/* End PBXNativeTarget section */

/* Begin PBXProject section */
		A8AC668A2AF2A8E900AA5C7E /* Project object */ = {
			isa = PBXProject;
			attributes = {
				BuildIndependentTargetsInParallel = 1;
				LastSwiftUpdateCheck = 1500;
				LastUpgradeCheck = 1500;
				TargetAttributes = {
					A8A5177F2B40CD14001C4C56 = {
						CreatedOnToolsVersion = 15.0;
						TestTargetID = A8AC66912AF2A8E900AA5C7E;
					};
					A8AC66912AF2A8E900AA5C7E = {
						CreatedOnToolsVersion = 15.0;
					};
				};
			};
			buildConfigurationList = A8AC668D2AF2A8E900AA5C7E /* Build configuration list for PBXProject "Tracker" */;
			compatibilityVersion = "Xcode 14.0";
			developmentRegion = en;
			hasScannedForEncodings = 0;
			knownRegions = (
				en,
				Base,
				ru,
			);
			mainGroup = A8AC66892AF2A8E900AA5C7E;
			packageReferences = (
				A8A517892B40CD4A001C4C56 /* XCRemoteSwiftPackageReference "swift-snapshot-testing" */,
			);
			productRefGroup = A8AC66932AF2A8E900AA5C7E /* Products */;
			projectDirPath = "";
			projectRoot = "";
			targets = (
				A8AC66912AF2A8E900AA5C7E /* Tracker */,
				A8A5177F2B40CD14001C4C56 /* TrackerTests */,
			);
		};
/* End PBXProject section */

/* Begin PBXResourcesBuildPhase section */
		A8A5177E2B40CD14001C4C56 /* Resources */ = {
			isa = PBXResourcesBuildPhase;
			buildActionMask = 2147483647;
			files = (
			);
			runOnlyForDeploymentPostprocessing = 0;
		};
		A8AC66902AF2A8E900AA5C7E /* Resources */ = {
			isa = PBXResourcesBuildPhase;
			buildActionMask = 2147483647;
			files = (
				A8A517472B4093A4001C4C56 /* Localizable.strings in Resources */,
				A8AC66B82AF2C0B100AA5C7E /* Main.storyboard in Resources */,
				A8A516E12B31D079001C4C56 /* SF-Pro.ttf in Resources */,
				A8AC66A22AF2A8EA00AA5C7E /* LaunchScreen.storyboard in Resources */,
				A8AC669F2AF2A8EA00AA5C7E /* Assets.xcassets in Resources */,
				A8A517532B409BB3001C4C56 /* Localizable.stringsdict in Resources */,
			);
			runOnlyForDeploymentPostprocessing = 0;
		};
/* End PBXResourcesBuildPhase section */

/* Begin PBXShellScriptBuildPhase section */
		28271EC3936B1157E8E62F99 /* [CP] Embed Pods Frameworks */ = {
			isa = PBXShellScriptBuildPhase;
			buildActionMask = 2147483647;
			files = (
			);
			inputFileListPaths = (
				"${PODS_ROOT}/Target Support Files/Pods-Tracker/Pods-Tracker-frameworks-${CONFIGURATION}-input-files.xcfilelist",
			);
			name = "[CP] Embed Pods Frameworks";
			outputFileListPaths = (
				"${PODS_ROOT}/Target Support Files/Pods-Tracker/Pods-Tracker-frameworks-${CONFIGURATION}-output-files.xcfilelist",
			);
			runOnlyForDeploymentPostprocessing = 0;
			shellPath = /bin/sh;
			shellScript = "\"${PODS_ROOT}/Target Support Files/Pods-Tracker/Pods-Tracker-frameworks.sh\"\n";
			showEnvVarsInLog = 0;
		};
		B3EC06CA63C142F92A4DE285 /* [CP] Check Pods Manifest.lock */ = {
			isa = PBXShellScriptBuildPhase;
			buildActionMask = 2147483647;
			files = (
			);
			inputFileListPaths = (
			);
			inputPaths = (
				"${PODS_PODFILE_DIR_PATH}/Podfile.lock",
				"${PODS_ROOT}/Manifest.lock",
			);
			name = "[CP] Check Pods Manifest.lock";
			outputFileListPaths = (
			);
			outputPaths = (
				"$(DERIVED_FILE_DIR)/Pods-Tracker-checkManifestLockResult.txt",
			);
			runOnlyForDeploymentPostprocessing = 0;
			shellPath = /bin/sh;
			shellScript = "diff \"${PODS_PODFILE_DIR_PATH}/Podfile.lock\" \"${PODS_ROOT}/Manifest.lock\" > /dev/null\nif [ $? != 0 ] ; then\n    # print error to STDERR\n    echo \"error: The sandbox is not in sync with the Podfile.lock. Run 'pod install' or update your CocoaPods installation.\" >&2\n    exit 1\nfi\n# This output is used by Xcode 'outputs' to avoid re-running this script phase.\necho \"SUCCESS\" > \"${SCRIPT_OUTPUT_FILE_0}\"\n";
			showEnvVarsInLog = 0;
		};
/* End PBXShellScriptBuildPhase section */

/* Begin PBXSourcesBuildPhase section */
		A8A5177C2B40CD14001C4C56 /* Sources */ = {
			isa = PBXSourcesBuildPhase;
			buildActionMask = 2147483647;
			files = (
				A8A517832B40CD14001C4C56 /* TrackerTests.swift in Sources */,
			);
			runOnlyForDeploymentPostprocessing = 0;
		};
		A8AC668E2AF2A8E900AA5C7E /* Sources */ = {
			isa = PBXSourcesBuildPhase;
			buildActionMask = 2147483647;
			files = (
				A8A5171F2B361817001C4C56 /* PageOnboardingViewController.swift in Sources */,
				A80D0CD62B2DD8FC00C44AF0 /* ColorCollectionViewCell.swift in Sources */,
				A8AC67352B0A72C400AA5C7E /* Constants.swift in Sources */,
				A80D0CD82B2E240F00C44AF0 /* ScheduleViewController.swift in Sources */,
				A8A516E62B31E7DE001C4C56 /* TrackerRecordModel.swift in Sources */,
				A8AC672E2B0A6F4700AA5C7E /* UIColor+Extensions.swift in Sources */,
				A8A517262B36EB81001C4C56 /* CategoriesViewModel.swift in Sources */,
				A8A517182B330A0F001C4C56 /* TrackerRecordStore.swift in Sources */,
				A8AC66AA2AF2B6A100AA5C7E /* TabBarController.swift in Sources */,
				A8AC67252AF4C2A100AA5C7E /* TrackerModel.swift in Sources */,
				A80D0CD42B2CC00500C44AF0 /* TrackerCollectionViewHeader.swift in Sources */,
				A8A517242B36EAF2001C4C56 /* CategoryViewController.swift in Sources */,
				A8A5172C2B39F5C2001C4C56 /* Observable.swift in Sources */,
				A8AC66AD2AF2B73D00AA5C7E /* TrackersViewController.swift in Sources */,
				A8A516E82B31E7FC001C4C56 /* TrackerCategoryModel.swift in Sources */,
				A8A5171D2B3603F3001C4C56 /* OnboardingViewController.swift in Sources */,
				A8AC67272B00F25A00AA5C7E /* TrackerRecordViewCell.swift in Sources */,
				A8A517222B36EADC001C4C56 /* CategoriesViewController.swift in Sources */,
				A80D0CDB2B2E475600C44AF0 /* ScheduleTableCell.swift in Sources */,
				A80D0CD22B2B7A7900C44AF0 /* EmojiCollectionViewCell.swift in Sources */,
				A8A516EB2B31E86A001C4C56 /* GeometricParamsModel.swift in Sources */,
				A8A516E42B31E795001C4C56 /* ScheduleModel.swift in Sources */,
				A8A516EE2B321D96001C4C56 /* Tracker.xcdatamodeld in Sources */,
				A8A517162B3309E1001C4C56 /* TrackerCategoryStore.swift in Sources */,
				A8A517282B36EC03001C4C56 /* CategoryTableCell.swift in Sources */,
				A8AC66AF2AF2B7CA00AA5C7E /* StatisticsViewController.swift in Sources */,
				A8AC67292B00F3E300AA5C7E /* TrackerCategoryViewHeader.swift in Sources */,
				A80D0CCB2B264E9300C44AF0 /* ChooseTypeTrackerViewController.swift in Sources */,
				A80D0CCF2B2676B700C44AF0 /* TrackerTableCell.swift in Sources */,
				A8AC66962AF2A8E900AA5C7E /* AppDelegate.swift in Sources */,
				A80D0CCD2B2665E600C44AF0 /* CreateNewTrackerViewController.swift in Sources */,
				A8AC66982AF2A8E900AA5C7E /* SceneDelegate.swift in Sources */,
				A8A5171A2B330CA2001C4C56 /* UIColorMarshalling.swift in Sources */,
				A8A517142B33013C001C4C56 /* TrackerStore.swift in Sources */,
			);
			runOnlyForDeploymentPostprocessing = 0;
		};
/* End PBXSourcesBuildPhase section */

/* Begin PBXTargetDependency section */
		A8A517852B40CD14001C4C56 /* PBXTargetDependency */ = {
			isa = PBXTargetDependency;
			target = A8AC66912AF2A8E900AA5C7E /* Tracker */;
			targetProxy = A8A517842B40CD14001C4C56 /* PBXContainerItemProxy */;
		};
/* End PBXTargetDependency section */

/* Begin PBXVariantGroup section */
		A8A517492B4093A4001C4C56 /* Localizable.strings */ = {
			isa = PBXVariantGroup;
			children = (
				A8A517482B4093A4001C4C56 /* en */,
				A8A5174A2B4093DE001C4C56 /* ru */,
			);
			name = Localizable.strings;
			sourceTree = "<group>";
		};
		A8A517552B409BB3001C4C56 /* Localizable.stringsdict */ = {
			isa = PBXVariantGroup;
			children = (
				A8A517542B409BB3001C4C56 /* ru */,
				A8A517562B409BBB001C4C56 /* en */,
			);
			name = Localizable.stringsdict;
			sourceTree = "<group>";
		};
		A8AC66A02AF2A8EA00AA5C7E /* LaunchScreen.storyboard */ = {
			isa = PBXVariantGroup;
			children = (
				A8AC66A12AF2A8EA00AA5C7E /* Base */,
			);
			name = LaunchScreen.storyboard;
			sourceTree = "<group>";
		};
/* End PBXVariantGroup section */

/* Begin XCBuildConfiguration section */
		A8A517872B40CD14001C4C56 /* Debug */ = {
			isa = XCBuildConfiguration;
			buildSettings = {
				BUNDLE_LOADER = "$(TEST_HOST)";
				CODE_SIGN_STYLE = Automatic;
				CURRENT_PROJECT_VERSION = 1;
				GENERATE_INFOPLIST_FILE = YES;
				MARKETING_VERSION = 1.0;
				PRODUCT_BUNDLE_IDENTIFIER = ru.yandex.practicum.TrackerTests;
				PRODUCT_NAME = "$(TARGET_NAME)";
				SWIFT_EMIT_LOC_STRINGS = NO;
				SWIFT_VERSION = 5.0;
				TARGETED_DEVICE_FAMILY = "1,2";
				TEST_HOST = "$(BUILT_PRODUCTS_DIR)/Tracker.app/$(BUNDLE_EXECUTABLE_FOLDER_PATH)/Tracker";
			};
			name = Debug;
		};
		A8A517882B40CD14001C4C56 /* Release */ = {
			isa = XCBuildConfiguration;
			buildSettings = {
				BUNDLE_LOADER = "$(TEST_HOST)";
				CODE_SIGN_STYLE = Automatic;
				CURRENT_PROJECT_VERSION = 1;
				GENERATE_INFOPLIST_FILE = YES;
				MARKETING_VERSION = 1.0;
				PRODUCT_BUNDLE_IDENTIFIER = ru.yandex.practicum.TrackerTests;
				PRODUCT_NAME = "$(TARGET_NAME)";
				SWIFT_EMIT_LOC_STRINGS = NO;
				SWIFT_VERSION = 5.0;
				TARGETED_DEVICE_FAMILY = "1,2";
				TEST_HOST = "$(BUILT_PRODUCTS_DIR)/Tracker.app/$(BUNDLE_EXECUTABLE_FOLDER_PATH)/Tracker";
			};
			name = Release;
		};
		A8AC66A42AF2A8EA00AA5C7E /* Debug */ = {
			isa = XCBuildConfiguration;
			buildSettings = {
				ALWAYS_SEARCH_USER_PATHS = NO;
				ASSETCATALOG_COMPILER_GENERATE_SWIFT_ASSET_SYMBOL_EXTENSIONS = YES;
				CLANG_ANALYZER_LOCALIZABILITY_NONLOCALIZED = YES;
				CLANG_ANALYZER_NONNULL = YES;
				CLANG_ANALYZER_NUMBER_OBJECT_CONVERSION = YES_AGGRESSIVE;
				CLANG_CXX_LANGUAGE_STANDARD = "gnu++20";
				CLANG_ENABLE_MODULES = YES;
				CLANG_ENABLE_OBJC_ARC = YES;
				CLANG_ENABLE_OBJC_WEAK = YES;
				CLANG_WARN_BLOCK_CAPTURE_AUTORELEASING = YES;
				CLANG_WARN_BOOL_CONVERSION = YES;
				CLANG_WARN_COMMA = YES;
				CLANG_WARN_CONSTANT_CONVERSION = YES;
				CLANG_WARN_DEPRECATED_OBJC_IMPLEMENTATIONS = YES;
				CLANG_WARN_DIRECT_OBJC_ISA_USAGE = YES_ERROR;
				CLANG_WARN_DOCUMENTATION_COMMENTS = YES;
				CLANG_WARN_EMPTY_BODY = YES;
				CLANG_WARN_ENUM_CONVERSION = YES;
				CLANG_WARN_INFINITE_RECURSION = YES;
				CLANG_WARN_INT_CONVERSION = YES;
				CLANG_WARN_NON_LITERAL_NULL_CONVERSION = YES;
				CLANG_WARN_OBJC_IMPLICIT_RETAIN_SELF = YES;
				CLANG_WARN_OBJC_LITERAL_CONVERSION = YES;
				CLANG_WARN_OBJC_ROOT_CLASS = YES_ERROR;
				CLANG_WARN_QUOTED_INCLUDE_IN_FRAMEWORK_HEADER = YES;
				CLANG_WARN_RANGE_LOOP_ANALYSIS = YES;
				CLANG_WARN_STRICT_PROTOTYPES = YES;
				CLANG_WARN_SUSPICIOUS_MOVE = YES;
				CLANG_WARN_UNGUARDED_AVAILABILITY = YES_AGGRESSIVE;
				CLANG_WARN_UNREACHABLE_CODE = YES;
				CLANG_WARN__DUPLICATE_METHOD_MATCH = YES;
				COPY_PHASE_STRIP = NO;
				DEBUG_INFORMATION_FORMAT = dwarf;
				ENABLE_STRICT_OBJC_MSGSEND = YES;
				ENABLE_TESTABILITY = YES;
				ENABLE_USER_SCRIPT_SANDBOXING = NO;
				GCC_C_LANGUAGE_STANDARD = gnu17;
				GCC_DYNAMIC_NO_PIC = NO;
				GCC_NO_COMMON_BLOCKS = YES;
				GCC_OPTIMIZATION_LEVEL = 0;
				GCC_PREPROCESSOR_DEFINITIONS = (
					"DEBUG=1",
					"$(inherited)",
				);
				GCC_WARN_64_TO_32_BIT_CONVERSION = YES;
				GCC_WARN_ABOUT_RETURN_TYPE = YES_ERROR;
				GCC_WARN_UNDECLARED_SELECTOR = YES;
				GCC_WARN_UNINITIALIZED_AUTOS = YES_AGGRESSIVE;
				GCC_WARN_UNUSED_FUNCTION = YES;
				GCC_WARN_UNUSED_VARIABLE = YES;
				IPHONEOS_DEPLOYMENT_TARGET = 17.0;
				LOCALIZATION_PREFERS_STRING_CATALOGS = YES;
				MTL_ENABLE_DEBUG_INFO = INCLUDE_SOURCE;
				MTL_FAST_MATH = YES;
				ONLY_ACTIVE_ARCH = YES;
				SDKROOT = iphoneos;
				SWIFT_ACTIVE_COMPILATION_CONDITIONS = "DEBUG $(inherited)";
				SWIFT_OPTIMIZATION_LEVEL = "-Onone";
			};
			name = Debug;
		};
		A8AC66A52AF2A8EA00AA5C7E /* Release */ = {
			isa = XCBuildConfiguration;
			buildSettings = {
				ALWAYS_SEARCH_USER_PATHS = NO;
				ASSETCATALOG_COMPILER_GENERATE_SWIFT_ASSET_SYMBOL_EXTENSIONS = YES;
				CLANG_ANALYZER_LOCALIZABILITY_NONLOCALIZED = YES;
				CLANG_ANALYZER_NONNULL = YES;
				CLANG_ANALYZER_NUMBER_OBJECT_CONVERSION = YES_AGGRESSIVE;
				CLANG_CXX_LANGUAGE_STANDARD = "gnu++20";
				CLANG_ENABLE_MODULES = YES;
				CLANG_ENABLE_OBJC_ARC = YES;
				CLANG_ENABLE_OBJC_WEAK = YES;
				CLANG_WARN_BLOCK_CAPTURE_AUTORELEASING = YES;
				CLANG_WARN_BOOL_CONVERSION = YES;
				CLANG_WARN_COMMA = YES;
				CLANG_WARN_CONSTANT_CONVERSION = YES;
				CLANG_WARN_DEPRECATED_OBJC_IMPLEMENTATIONS = YES;
				CLANG_WARN_DIRECT_OBJC_ISA_USAGE = YES_ERROR;
				CLANG_WARN_DOCUMENTATION_COMMENTS = YES;
				CLANG_WARN_EMPTY_BODY = YES;
				CLANG_WARN_ENUM_CONVERSION = YES;
				CLANG_WARN_INFINITE_RECURSION = YES;
				CLANG_WARN_INT_CONVERSION = YES;
				CLANG_WARN_NON_LITERAL_NULL_CONVERSION = YES;
				CLANG_WARN_OBJC_IMPLICIT_RETAIN_SELF = YES;
				CLANG_WARN_OBJC_LITERAL_CONVERSION = YES;
				CLANG_WARN_OBJC_ROOT_CLASS = YES_ERROR;
				CLANG_WARN_QUOTED_INCLUDE_IN_FRAMEWORK_HEADER = YES;
				CLANG_WARN_RANGE_LOOP_ANALYSIS = YES;
				CLANG_WARN_STRICT_PROTOTYPES = YES;
				CLANG_WARN_SUSPICIOUS_MOVE = YES;
				CLANG_WARN_UNGUARDED_AVAILABILITY = YES_AGGRESSIVE;
				CLANG_WARN_UNREACHABLE_CODE = YES;
				CLANG_WARN__DUPLICATE_METHOD_MATCH = YES;
				COPY_PHASE_STRIP = NO;
				DEBUG_INFORMATION_FORMAT = "dwarf-with-dsym";
				ENABLE_NS_ASSERTIONS = NO;
				ENABLE_STRICT_OBJC_MSGSEND = YES;
				ENABLE_USER_SCRIPT_SANDBOXING = NO;
				GCC_C_LANGUAGE_STANDARD = gnu17;
				GCC_NO_COMMON_BLOCKS = YES;
				GCC_WARN_64_TO_32_BIT_CONVERSION = YES;
				GCC_WARN_ABOUT_RETURN_TYPE = YES_ERROR;
				GCC_WARN_UNDECLARED_SELECTOR = YES;
				GCC_WARN_UNINITIALIZED_AUTOS = YES_AGGRESSIVE;
				GCC_WARN_UNUSED_FUNCTION = YES;
				GCC_WARN_UNUSED_VARIABLE = YES;
				IPHONEOS_DEPLOYMENT_TARGET = 17.0;
				LOCALIZATION_PREFERS_STRING_CATALOGS = YES;
				MTL_ENABLE_DEBUG_INFO = NO;
				MTL_FAST_MATH = YES;
				SDKROOT = iphoneos;
				SWIFT_COMPILATION_MODE = wholemodule;
				VALIDATE_PRODUCT = YES;
			};
			name = Release;
		};
		A8AC66A72AF2A8EA00AA5C7E /* Debug */ = {
			isa = XCBuildConfiguration;
			baseConfigurationReference = 5C856C14C5366CB53DBA329F /* Pods-Tracker.debug.xcconfig */;
			buildSettings = {
				ASSETCATALOG_COMPILER_APPICON_NAME = AppIcon;
				ASSETCATALOG_COMPILER_GLOBAL_ACCENT_COLOR_NAME = AccentColor;
				CODE_SIGN_STYLE = Automatic;
				CURRENT_PROJECT_VERSION = 1;
				GENERATE_INFOPLIST_FILE = YES;
				INFOPLIST_FILE = Tracker/Info.plist;
				INFOPLIST_KEY_UIApplicationSupportsIndirectInputEvents = YES;
				INFOPLIST_KEY_UILaunchStoryboardName = LaunchScreen;
				INFOPLIST_KEY_UIMainStoryboardFile = Main;
				INFOPLIST_KEY_UISupportedInterfaceOrientations = UIInterfaceOrientationPortrait;
				INFOPLIST_KEY_UISupportedInterfaceOrientations_iPad = "UIInterfaceOrientationLandscapeLeft UIInterfaceOrientationLandscapeRight UIInterfaceOrientationPortrait UIInterfaceOrientationPortraitUpsideDown";
				IPHONEOS_DEPLOYMENT_TARGET = 13.4;
				LD_RUNPATH_SEARCH_PATHS = (
					"$(inherited)",
					"@executable_path/Frameworks",
				);
				MARKETING_VERSION = 1.0;
				PRODUCT_BUNDLE_IDENTIFIER = ru.yandex.practicum.Tracker;
				PRODUCT_NAME = "$(TARGET_NAME)";
				SUPPORTED_PLATFORMS = "iphoneos iphonesimulator";
				SUPPORTS_MACCATALYST = NO;
				SUPPORTS_MAC_DESIGNED_FOR_IPHONE_IPAD = NO;
				SWIFT_EMIT_LOC_STRINGS = YES;
				SWIFT_VERSION = 5.0;
				TARGETED_DEVICE_FAMILY = 1;
			};
			name = Debug;
		};
		A8AC66A82AF2A8EA00AA5C7E /* Release */ = {
			isa = XCBuildConfiguration;
			baseConfigurationReference = 78C14DF143E1331BC12860CE /* Pods-Tracker.release.xcconfig */;
			buildSettings = {
				ASSETCATALOG_COMPILER_APPICON_NAME = AppIcon;
				ASSETCATALOG_COMPILER_GLOBAL_ACCENT_COLOR_NAME = AccentColor;
				CODE_SIGN_STYLE = Automatic;
				CURRENT_PROJECT_VERSION = 1;
				GENERATE_INFOPLIST_FILE = YES;
				INFOPLIST_FILE = Tracker/Info.plist;
				INFOPLIST_KEY_UIApplicationSupportsIndirectInputEvents = YES;
				INFOPLIST_KEY_UILaunchStoryboardName = LaunchScreen;
				INFOPLIST_KEY_UIMainStoryboardFile = Main;
				INFOPLIST_KEY_UISupportedInterfaceOrientations = UIInterfaceOrientationPortrait;
				INFOPLIST_KEY_UISupportedInterfaceOrientations_iPad = "UIInterfaceOrientationLandscapeLeft UIInterfaceOrientationLandscapeRight UIInterfaceOrientationPortrait UIInterfaceOrientationPortraitUpsideDown";
				IPHONEOS_DEPLOYMENT_TARGET = 13.4;
				LD_RUNPATH_SEARCH_PATHS = (
					"$(inherited)",
					"@executable_path/Frameworks",
				);
				MARKETING_VERSION = 1.0;
				PRODUCT_BUNDLE_IDENTIFIER = ru.yandex.practicum.Tracker;
				PRODUCT_NAME = "$(TARGET_NAME)";
				SUPPORTED_PLATFORMS = "iphoneos iphonesimulator";
				SUPPORTS_MACCATALYST = NO;
				SUPPORTS_MAC_DESIGNED_FOR_IPHONE_IPAD = NO;
				SWIFT_EMIT_LOC_STRINGS = YES;
				SWIFT_VERSION = 5.0;
				TARGETED_DEVICE_FAMILY = 1;
			};
			name = Release;
		};
/* End XCBuildConfiguration section */

/* Begin XCConfigurationList section */
		A8A517862B40CD14001C4C56 /* Build configuration list for PBXNativeTarget "TrackerTests" */ = {
			isa = XCConfigurationList;
			buildConfigurations = (
				A8A517872B40CD14001C4C56 /* Debug */,
				A8A517882B40CD14001C4C56 /* Release */,
			);
			defaultConfigurationIsVisible = 0;
			defaultConfigurationName = Release;
		};
		A8AC668D2AF2A8E900AA5C7E /* Build configuration list for PBXProject "Tracker" */ = {
			isa = XCConfigurationList;
			buildConfigurations = (
				A8AC66A42AF2A8EA00AA5C7E /* Debug */,
				A8AC66A52AF2A8EA00AA5C7E /* Release */,
			);
			defaultConfigurationIsVisible = 0;
			defaultConfigurationName = Release;
		};
		A8AC66A62AF2A8EA00AA5C7E /* Build configuration list for PBXNativeTarget "Tracker" */ = {
			isa = XCConfigurationList;
			buildConfigurations = (
				A8AC66A72AF2A8EA00AA5C7E /* Debug */,
				A8AC66A82AF2A8EA00AA5C7E /* Release */,
			);
			defaultConfigurationIsVisible = 0;
			defaultConfigurationName = Release;
		};
/* End XCConfigurationList section */

/* Begin XCRemoteSwiftPackageReference section */
		A8A517892B40CD4A001C4C56 /* XCRemoteSwiftPackageReference "swift-snapshot-testing" */ = {
			isa = XCRemoteSwiftPackageReference;
			repositoryURL = "https://github.com/pointfreeco/swift-snapshot-testing.git";
			requirement = {
				branch = main;
				kind = branch;
			};
		};
/* End XCRemoteSwiftPackageReference section */

/* Begin XCSwiftPackageProductDependency section */
		A8A5178A2B40CD4A001C4C56 /* InlineSnapshotTesting */ = {
			isa = XCSwiftPackageProductDependency;
			package = A8A517892B40CD4A001C4C56 /* XCRemoteSwiftPackageReference "swift-snapshot-testing" */;
			productName = InlineSnapshotTesting;
		};
		A8A5178C2B40CD4A001C4C56 /* SnapshotTesting */ = {
			isa = XCSwiftPackageProductDependency;
			package = A8A517892B40CD4A001C4C56 /* XCRemoteSwiftPackageReference "swift-snapshot-testing" */;
			productName = SnapshotTesting;
		};
/* End XCSwiftPackageProductDependency section */

/* Begin XCVersionGroup section */
		A8A516EC2B321D96001C4C56 /* Tracker.xcdatamodeld */ = {
			isa = XCVersionGroup;
			children = (
				A8A516ED2B321D96001C4C56 /* CoreData.xcdatamodel */,
			);
			currentVersion = A8A516ED2B321D96001C4C56 /* CoreData.xcdatamodel */;
			path = Tracker.xcdatamodeld;
			sourceTree = "<group>";
			versionGroupType = wrapper.xcdatamodel;
		};
/* End XCVersionGroup section */
	};
	rootObject = A8AC668A2AF2A8E900AA5C7E /* Project object */;
}
