// !$*UTF8*$!
{
	archiveVersion = 1;
	classes = {
	};
	objectVersion = 56;
	objects = {

/* Begin PBXBuildFile section */
		A8AC66962AF2A8E900AA5C7E /* AppDelegate.swift in Sources */ = {isa = PBXBuildFile; fileRef = A8AC66952AF2A8E900AA5C7E /* AppDelegate.swift */; };
		A8AC66982AF2A8E900AA5C7E /* SceneDelegate.swift in Sources */ = {isa = PBXBuildFile; fileRef = A8AC66972AF2A8E900AA5C7E /* SceneDelegate.swift */; };
		A8AC669F2AF2A8EA00AA5C7E /* Assets.xcassets in Resources */ = {isa = PBXBuildFile; fileRef = A8AC669E2AF2A8EA00AA5C7E /* Assets.xcassets */; };
		A8AC66A22AF2A8EA00AA5C7E /* LaunchScreen.storyboard in Resources */ = {isa = PBXBuildFile; fileRef = A8AC66A02AF2A8EA00AA5C7E /* LaunchScreen.storyboard */; };
		A8AC66AA2AF2B6A100AA5C7E /* TabBarController.swift in Sources */ = {isa = PBXBuildFile; fileRef = A8AC66A92AF2B6A100AA5C7E /* TabBarController.swift */; };
		A8AC66AD2AF2B73D00AA5C7E /* TrackersViewController.swift in Sources */ = {isa = PBXBuildFile; fileRef = A8AC66AC2AF2B73D00AA5C7E /* TrackersViewController.swift */; };
		A8AC66AF2AF2B7CA00AA5C7E /* StatisticsViewController.swift in Sources */ = {isa = PBXBuildFile; fileRef = A8AC66AE2AF2B7CA00AA5C7E /* StatisticsViewController.swift */; };
		A8AC66B82AF2C0B100AA5C7E /* Main.storyboard in Resources */ = {isa = PBXBuildFile; fileRef = A8AC66B72AF2C0B100AA5C7E /* Main.storyboard */; };
		A8AC66DA2AF2C14400AA5C7E /* ViewController.swift in Sources */ = {isa = PBXBuildFile; fileRef = A8AC66D92AF2C14400AA5C7E /* ViewController.swift */; };
		A8AC67252AF4C2A100AA5C7E /* TrackerModels.swift in Sources */ = {isa = PBXBuildFile; fileRef = A8AC67242AF4C2A100AA5C7E /* TrackerModels.swift */; };
		A8AC67272B00F25A00AA5C7E /* TrackerRecordViewCell.swift in Sources */ = {isa = PBXBuildFile; fileRef = A8AC67262B00F25900AA5C7E /* TrackerRecordViewCell.swift */; };
		A8AC67292B00F3E300AA5C7E /* TrackerCategoryViewHeader.swift in Sources */ = {isa = PBXBuildFile; fileRef = A8AC67282B00F3E300AA5C7E /* TrackerCategoryViewHeader.swift */; };
		A8AC672E2B0A6F4700AA5C7E /* UIColor+Extensions.swift in Sources */ = {isa = PBXBuildFile; fileRef = A8AC672D2B0A6F4700AA5C7E /* UIColor+Extensions.swift */; };
		A8AC67312B0A6FED00AA5C7E /* YS Display-Bold.ttf in Resources */ = {isa = PBXBuildFile; fileRef = A8AC672F2B0A6FED00AA5C7E /* YS Display-Bold.ttf */; };
		A8AC67322B0A6FED00AA5C7E /* YS Display-Medium.ttf in Resources */ = {isa = PBXBuildFile; fileRef = A8AC67302B0A6FED00AA5C7E /* YS Display-Medium.ttf */; };
		A8AC67352B0A72C400AA5C7E /* Constants.swift in Sources */ = {isa = PBXBuildFile; fileRef = A8AC67342B0A72C400AA5C7E /* Constants.swift */; };
/* End PBXBuildFile section */

/* Begin PBXFileReference section */
		A8AC66922AF2A8E900AA5C7E /* Tracker.app */ = {isa = PBXFileReference; explicitFileType = wrapper.application; includeInIndex = 0; path = Tracker.app; sourceTree = BUILT_PRODUCTS_DIR; };
		A8AC66952AF2A8E900AA5C7E /* AppDelegate.swift */ = {isa = PBXFileReference; lastKnownFileType = sourcecode.swift; path = AppDelegate.swift; sourceTree = "<group>"; };
		A8AC66972AF2A8E900AA5C7E /* SceneDelegate.swift */ = {isa = PBXFileReference; lastKnownFileType = sourcecode.swift; path = SceneDelegate.swift; sourceTree = "<group>"; };
		A8AC669E2AF2A8EA00AA5C7E /* Assets.xcassets */ = {isa = PBXFileReference; lastKnownFileType = folder.assetcatalog; path = Assets.xcassets; sourceTree = "<group>"; };
		A8AC66A12AF2A8EA00AA5C7E /* Base */ = {isa = PBXFileReference; lastKnownFileType = file.storyboard; name = Base; path = Base.lproj/LaunchScreen.storyboard; sourceTree = "<group>"; };
		A8AC66A32AF2A8EA00AA5C7E /* Info.plist */ = {isa = PBXFileReference; lastKnownFileType = text.plist.xml; path = Info.plist; sourceTree = "<group>"; };
		A8AC66A92AF2B6A100AA5C7E /* TabBarController.swift */ = {isa = PBXFileReference; lastKnownFileType = sourcecode.swift; path = TabBarController.swift; sourceTree = "<group>"; };
		A8AC66AC2AF2B73D00AA5C7E /* TrackersViewController.swift */ = {isa = PBXFileReference; lastKnownFileType = sourcecode.swift; path = TrackersViewController.swift; sourceTree = "<group>"; };
		A8AC66AE2AF2B7CA00AA5C7E /* StatisticsViewController.swift */ = {isa = PBXFileReference; lastKnownFileType = sourcecode.swift; path = StatisticsViewController.swift; sourceTree = "<group>"; };
		A8AC66B72AF2C0B100AA5C7E /* Main.storyboard */ = {isa = PBXFileReference; lastKnownFileType = file.storyboard; path = Main.storyboard; sourceTree = "<group>"; };
		A8AC66D92AF2C14400AA5C7E /* ViewController.swift */ = {isa = PBXFileReference; lastKnownFileType = sourcecode.swift; name = ViewController.swift; path = ../ViewController.swift; sourceTree = "<group>"; };
		A8AC67242AF4C2A100AA5C7E /* TrackerModels.swift */ = {isa = PBXFileReference; lastKnownFileType = sourcecode.swift; path = TrackerModels.swift; sourceTree = "<group>"; };
		A8AC67262B00F25900AA5C7E /* TrackerRecordViewCell.swift */ = {isa = PBXFileReference; lastKnownFileType = sourcecode.swift; path = TrackerRecordViewCell.swift; sourceTree = "<group>"; };
		A8AC67282B00F3E300AA5C7E /* TrackerCategoryViewHeader.swift */ = {isa = PBXFileReference; lastKnownFileType = sourcecode.swift; path = TrackerCategoryViewHeader.swift; sourceTree = "<group>"; };
		A8AC672D2B0A6F4700AA5C7E /* UIColor+Extensions.swift */ = {isa = PBXFileReference; lastKnownFileType = sourcecode.swift; path = "UIColor+Extensions.swift"; sourceTree = "<group>"; };
		A8AC672F2B0A6FED00AA5C7E /* YS Display-Bold.ttf */ = {isa = PBXFileReference; lastKnownFileType = file; path = "YS Display-Bold.ttf"; sourceTree = "<group>"; };
		A8AC67302B0A6FED00AA5C7E /* YS Display-Medium.ttf */ = {isa = PBXFileReference; lastKnownFileType = file; path = "YS Display-Medium.ttf"; sourceTree = "<group>"; };
		A8AC67342B0A72C400AA5C7E /* Constants.swift */ = {isa = PBXFileReference; lastKnownFileType = sourcecode.swift; path = Constants.swift; sourceTree = "<group>"; };
/* End PBXFileReference section */

/* Begin PBXFrameworksBuildPhase section */
		A8AC668F2AF2A8E900AA5C7E /* Frameworks */ = {
			isa = PBXFrameworksBuildPhase;
			buildActionMask = 2147483647;
			files = (
			);
			runOnlyForDeploymentPostprocessing = 0;
		};
/* End PBXFrameworksBuildPhase section */

/* Begin PBXGroup section */
		A8AC66892AF2A8E900AA5C7E = {
			isa = PBXGroup;
			children = (
				A8AC66942AF2A8E900AA5C7E /* Tracker */,
				A8AC66932AF2A8E900AA5C7E /* Products */,
			);
			sourceTree = "<group>";
		};
		A8AC66932AF2A8E900AA5C7E /* Products */ = {
			isa = PBXGroup;
			children = (
				A8AC66922AF2A8E900AA5C7E /* Tracker.app */,
			);
			name = Products;
			sourceTree = "<group>";
		};
		A8AC66942AF2A8E900AA5C7E /* Tracker */ = {
			isa = PBXGroup;
			children = (
				A8AC67342B0A72C400AA5C7E /* Constants.swift */,
				A8AC66A92AF2B6A100AA5C7E /* TabBarController.swift */,
				A8AC66B02AF2B7D200AA5C7E /* Trackers */,
				A8AC67362B123B1B00AA5C7E /* CreateTracker */,
				A8AC66B12AF2B7E100AA5C7E /* Statistics */,
				A8AC66D92AF2C14400AA5C7E /* ViewController.swift */,
				A8AC66B72AF2C0B100AA5C7E /* Main.storyboard */,
				A8AC66A32AF2A8EA00AA5C7E /* Info.plist */,
				A8AC66AB2AF2B6B200AA5C7E /* Application */,
				A8AC672C2B0A6ED000AA5C7E /* Resources */,
			);
			path = Tracker;
			sourceTree = "<group>";
		};
		A8AC66AB2AF2B6B200AA5C7E /* Application */ = {
			isa = PBXGroup;
			children = (
				A8AC66952AF2A8E900AA5C7E /* AppDelegate.swift */,
				A8AC66972AF2A8E900AA5C7E /* SceneDelegate.swift */,
			);
			path = Application;
			sourceTree = "<group>";
		};
		A8AC66B02AF2B7D200AA5C7E /* Trackers */ = {
			isa = PBXGroup;
			children = (
				A8AC66AC2AF2B73D00AA5C7E /* TrackersViewController.swift */,
				A8AC67262B00F25900AA5C7E /* TrackerRecordViewCell.swift */,
				A8AC67282B00F3E300AA5C7E /* TrackerCategoryViewHeader.swift */,
				A8AC67242AF4C2A100AA5C7E /* TrackerModels.swift */,
			);
			path = Trackers;
			sourceTree = "<group>";
		};
		A8AC66B12AF2B7E100AA5C7E /* Statistics */ = {
			isa = PBXGroup;
			children = (
				A8AC66AE2AF2B7CA00AA5C7E /* StatisticsViewController.swift */,
			);
			path = Statistics;
			sourceTree = "<group>";
		};
		A8AC672C2B0A6ED000AA5C7E /* Resources */ = {
			isa = PBXGroup;
			children = (
				A8AC66A02AF2A8EA00AA5C7E /* LaunchScreen.storyboard */,
				A8AC672D2B0A6F4700AA5C7E /* UIColor+Extensions.swift */,
				A8AC67332B0A6FF900AA5C7E /* Fonts */,
				A8AC669E2AF2A8EA00AA5C7E /* Assets.xcassets */,
			);
			path = Resources;
			sourceTree = "<group>";
		};
		A8AC67332B0A6FF900AA5C7E /* Fonts */ = {
			isa = PBXGroup;
			children = (
				A8AC672F2B0A6FED00AA5C7E /* YS Display-Bold.ttf */,
				A8AC67302B0A6FED00AA5C7E /* YS Display-Medium.ttf */,
			);
			path = Fonts;
			sourceTree = "<group>";
		};
		A8AC67362B123B1B00AA5C7E /* CreateTracker */ = {
			isa = PBXGroup;
			children = (
			);
			path = CreateTracker;
			sourceTree = "<group>";
		};
/* End PBXGroup section */

/* Begin PBXNativeTarget section */
		A8AC66912AF2A8E900AA5C7E /* Tracker */ = {
			isa = PBXNativeTarget;
			buildConfigurationList = A8AC66A62AF2A8EA00AA5C7E /* Build configuration list for PBXNativeTarget "Tracker" */;
			buildPhases = (
				A8AC668E2AF2A8E900AA5C7E /* Sources */,
				A8AC668F2AF2A8E900AA5C7E /* Frameworks */,
				A8AC66902AF2A8E900AA5C7E /* Resources */,
			);
			buildRules = (
			);
			dependencies = (
			);
			name = Tracker;
			productName = Tracker;
			productReference = A8AC66922AF2A8E900AA5C7E /* Tracker.app */;
			productType = "com.apple.product-type.application";
		};
/* End PBXNativeTarget section */

/* Begin PBXProject section */
		A8AC668A2AF2A8E900AA5C7E /* Project object */ = {
			isa = PBXProject;
			attributes = {
				BuildIndependentTargetsInParallel = 1;
				LastSwiftUpdateCheck = 1500;
				LastUpgradeCheck = 1500;
				TargetAttributes = {
					A8AC66912AF2A8E900AA5C7E = {
						CreatedOnToolsVersion = 15.0;
					};
				};
			};
			buildConfigurationList = A8AC668D2AF2A8E900AA5C7E /* Build configuration list for PBXProject "Tracker" */;
			compatibilityVersion = "Xcode 14.0";
			developmentRegion = en;
			hasScannedForEncodings = 0;
			knownRegions = (
				en,
				Base,
			);
			mainGroup = A8AC66892AF2A8E900AA5C7E;
			productRefGroup = A8AC66932AF2A8E900AA5C7E /* Products */;
			projectDirPath = "";
			projectRoot = "";
			targets = (
				A8AC66912AF2A8E900AA5C7E /* Tracker */,
			);
		};
/* End PBXProject section */

/* Begin PBXResourcesBuildPhase section */
		A8AC66902AF2A8E900AA5C7E /* Resources */ = {
			isa = PBXResourcesBuildPhase;
			buildActionMask = 2147483647;
			files = (
				A8AC66B82AF2C0B100AA5C7E /* Main.storyboard in Resources */,
				A8AC66A22AF2A8EA00AA5C7E /* LaunchScreen.storyboard in Resources */,
				A8AC669F2AF2A8EA00AA5C7E /* Assets.xcassets in Resources */,
				A8AC67312B0A6FED00AA5C7E /* YS Display-Bold.ttf in Resources */,
				A8AC67322B0A6FED00AA5C7E /* YS Display-Medium.ttf in Resources */,
			);
			runOnlyForDeploymentPostprocessing = 0;
		};
/* End PBXResourcesBuildPhase section */

/* Begin PBXSourcesBuildPhase section */
		A8AC668E2AF2A8E900AA5C7E /* Sources */ = {
			isa = PBXSourcesBuildPhase;
			buildActionMask = 2147483647;
			files = (
				A8AC66DA2AF2C14400AA5C7E /* ViewController.swift in Sources */,
				A8AC67352B0A72C400AA5C7E /* Constants.swift in Sources */,
				A8AC672E2B0A6F4700AA5C7E /* UIColor+Extensions.swift in Sources */,
				A8AC66AA2AF2B6A100AA5C7E /* TabBarController.swift in Sources */,
				A8AC67252AF4C2A100AA5C7E /* TrackerModels.swift in Sources */,
				A8AC66AD2AF2B73D00AA5C7E /* TrackersViewController.swift in Sources */,
				A8AC67272B00F25A00AA5C7E /* TrackerRecordViewCell.swift in Sources */,
				A8AC66AF2AF2B7CA00AA5C7E /* StatisticsViewController.swift in Sources */,
				A8AC67292B00F3E300AA5C7E /* TrackerCategoryViewHeader.swift in Sources */,
				A8AC66962AF2A8E900AA5C7E /* AppDelegate.swift in Sources */,
				A8AC66982AF2A8E900AA5C7E /* SceneDelegate.swift in Sources */,
			);
			runOnlyForDeploymentPostprocessing = 0;
		};
/* End PBXSourcesBuildPhase section */

/* Begin PBXVariantGroup section */
		A8AC66A02AF2A8EA00AA5C7E /* LaunchScreen.storyboard */ = {
			isa = PBXVariantGroup;
			children = (
				A8AC66A12AF2A8EA00AA5C7E /* Base */,
			);
			name = LaunchScreen.storyboard;
			sourceTree = "<group>";
		};
/* End PBXVariantGroup section */

/* Begin XCBuildConfiguration section */
		A8AC66A42AF2A8EA00AA5C7E /* Debug */ = {
			isa = XCBuildConfiguration;
			buildSettings = {
				ALWAYS_SEARCH_USER_PATHS = NO;
				ASSETCATALOG_COMPILER_GENERATE_SWIFT_ASSET_SYMBOL_EXTENSIONS = YES;
				CLANG_ANALYZER_NONNULL = YES;
				CLANG_ANALYZER_NUMBER_OBJECT_CONVERSION = YES_AGGRESSIVE;
				CLANG_CXX_LANGUAGE_STANDARD = "gnu++20";
				CLANG_ENABLE_MODULES = YES;
				CLANG_ENABLE_OBJC_ARC = YES;
				CLANG_ENABLE_OBJC_WEAK = YES;
				CLANG_WARN_BLOCK_CAPTURE_AUTORELEASING = YES;
				CLANG_WARN_BOOL_CONVERSION = YES;
				CLANG_WARN_COMMA = YES;
				CLANG_WARN_CONSTANT_CONVERSION = YES;
				CLANG_WARN_DEPRECATED_OBJC_IMPLEMENTATIONS = YES;
				CLANG_WARN_DIRECT_OBJC_ISA_USAGE = YES_ERROR;
				CLANG_WARN_DOCUMENTATION_COMMENTS = YES;
				CLANG_WARN_EMPTY_BODY = YES;
				CLANG_WARN_ENUM_CONVERSION = YES;
				CLANG_WARN_INFINITE_RECURSION = YES;
				CLANG_WARN_INT_CONVERSION = YES;
				CLANG_WARN_NON_LITERAL_NULL_CONVERSION = YES;
				CLANG_WARN_OBJC_IMPLICIT_RETAIN_SELF = YES;
				CLANG_WARN_OBJC_LITERAL_CONVERSION = YES;
				CLANG_WARN_OBJC_ROOT_CLASS = YES_ERROR;
				CLANG_WARN_QUOTED_INCLUDE_IN_FRAMEWORK_HEADER = YES;
				CLANG_WARN_RANGE_LOOP_ANALYSIS = YES;
				CLANG_WARN_STRICT_PROTOTYPES = YES;
				CLANG_WARN_SUSPICIOUS_MOVE = YES;
				CLANG_WARN_UNGUARDED_AVAILABILITY = YES_AGGRESSIVE;
				CLANG_WARN_UNREACHABLE_CODE = YES;
				CLANG_WARN__DUPLICATE_METHOD_MATCH = YES;
				COPY_PHASE_STRIP = NO;
				DEBUG_INFORMATION_FORMAT = dwarf;
				ENABLE_STRICT_OBJC_MSGSEND = YES;
				ENABLE_TESTABILITY = YES;
				ENABLE_USER_SCRIPT_SANDBOXING = YES;
				GCC_C_LANGUAGE_STANDARD = gnu17;
				GCC_DYNAMIC_NO_PIC = NO;
				GCC_NO_COMMON_BLOCKS = YES;
				GCC_OPTIMIZATION_LEVEL = 0;
				GCC_PREPROCESSOR_DEFINITIONS = (
					"DEBUG=1",
					"$(inherited)",
				);
				GCC_WARN_64_TO_32_BIT_CONVERSION = YES;
				GCC_WARN_ABOUT_RETURN_TYPE = YES_ERROR;
				GCC_WARN_UNDECLARED_SELECTOR = YES;
				GCC_WARN_UNINITIALIZED_AUTOS = YES_AGGRESSIVE;
				GCC_WARN_UNUSED_FUNCTION = YES;
				GCC_WARN_UNUSED_VARIABLE = YES;
				IPHONEOS_DEPLOYMENT_TARGET = 17.0;
				LOCALIZATION_PREFERS_STRING_CATALOGS = YES;
				MTL_ENABLE_DEBUG_INFO = INCLUDE_SOURCE;
				MTL_FAST_MATH = YES;
				ONLY_ACTIVE_ARCH = YES;
				SDKROOT = iphoneos;
				SWIFT_ACTIVE_COMPILATION_CONDITIONS = "DEBUG $(inherited)";
				SWIFT_OPTIMIZATION_LEVEL = "-Onone";
			};
			name = Debug;
		};
		A8AC66A52AF2A8EA00AA5C7E /* Release */ = {
			isa = XCBuildConfiguration;
			buildSettings = {
				ALWAYS_SEARCH_USER_PATHS = NO;
				ASSETCATALOG_COMPILER_GENERATE_SWIFT_ASSET_SYMBOL_EXTENSIONS = YES;
				CLANG_ANALYZER_NONNULL = YES;
				CLANG_ANALYZER_NUMBER_OBJECT_CONVERSION = YES_AGGRESSIVE;
				CLANG_CXX_LANGUAGE_STANDARD = "gnu++20";
				CLANG_ENABLE_MODULES = YES;
				CLANG_ENABLE_OBJC_ARC = YES;
				CLANG_ENABLE_OBJC_WEAK = YES;
				CLANG_WARN_BLOCK_CAPTURE_AUTORELEASING = YES;
				CLANG_WARN_BOOL_CONVERSION = YES;
				CLANG_WARN_COMMA = YES;
				CLANG_WARN_CONSTANT_CONVERSION = YES;
				CLANG_WARN_DEPRECATED_OBJC_IMPLEMENTATIONS = YES;
				CLANG_WARN_DIRECT_OBJC_ISA_USAGE = YES_ERROR;
				CLANG_WARN_DOCUMENTATION_COMMENTS = YES;
				CLANG_WARN_EMPTY_BODY = YES;
				CLANG_WARN_ENUM_CONVERSION = YES;
				CLANG_WARN_INFINITE_RECURSION = YES;
				CLANG_WARN_INT_CONVERSION = YES;
				CLANG_WARN_NON_LITERAL_NULL_CONVERSION = YES;
				CLANG_WARN_OBJC_IMPLICIT_RETAIN_SELF = YES;
				CLANG_WARN_OBJC_LITERAL_CONVERSION = YES;
				CLANG_WARN_OBJC_ROOT_CLASS = YES_ERROR;
				CLANG_WARN_QUOTED_INCLUDE_IN_FRAMEWORK_HEADER = YES;
				CLANG_WARN_RANGE_LOOP_ANALYSIS = YES;
				CLANG_WARN_STRICT_PROTOTYPES = YES;
				CLANG_WARN_SUSPICIOUS_MOVE = YES;
				CLANG_WARN_UNGUARDED_AVAILABILITY = YES_AGGRESSIVE;
				CLANG_WARN_UNREACHABLE_CODE = YES;
				CLANG_WARN__DUPLICATE_METHOD_MATCH = YES;
				COPY_PHASE_STRIP = NO;
				DEBUG_INFORMATION_FORMAT = "dwarf-with-dsym";
				ENABLE_NS_ASSERTIONS = NO;
				ENABLE_STRICT_OBJC_MSGSEND = YES;
				ENABLE_USER_SCRIPT_SANDBOXING = YES;
				GCC_C_LANGUAGE_STANDARD = gnu17;
				GCC_NO_COMMON_BLOCKS = YES;
				GCC_WARN_64_TO_32_BIT_CONVERSION = YES;
				GCC_WARN_ABOUT_RETURN_TYPE = YES_ERROR;
				GCC_WARN_UNDECLARED_SELECTOR = YES;
				GCC_WARN_UNINITIALIZED_AUTOS = YES_AGGRESSIVE;
				GCC_WARN_UNUSED_FUNCTION = YES;
				GCC_WARN_UNUSED_VARIABLE = YES;
				IPHONEOS_DEPLOYMENT_TARGET = 17.0;
				LOCALIZATION_PREFERS_STRING_CATALOGS = YES;
				MTL_ENABLE_DEBUG_INFO = NO;
				MTL_FAST_MATH = YES;
				SDKROOT = iphoneos;
				SWIFT_COMPILATION_MODE = wholemodule;
				VALIDATE_PRODUCT = YES;
			};
			name = Release;
		};
		A8AC66A72AF2A8EA00AA5C7E /* Debug */ = {
			isa = XCBuildConfiguration;
			buildSettings = {
				ASSETCATALOG_COMPILER_APPICON_NAME = AppIcon;
				ASSETCATALOG_COMPILER_GLOBAL_ACCENT_COLOR_NAME = AccentColor;
				CODE_SIGN_STYLE = Automatic;
				CURRENT_PROJECT_VERSION = 1;
				GENERATE_INFOPLIST_FILE = YES;
				INFOPLIST_FILE = Tracker/Info.plist;
				INFOPLIST_KEY_UIApplicationSupportsIndirectInputEvents = YES;
				INFOPLIST_KEY_UILaunchStoryboardName = LaunchScreen;
				INFOPLIST_KEY_UIMainStoryboardFile = Main;
				INFOPLIST_KEY_UISupportedInterfaceOrientations = UIInterfaceOrientationPortrait;
				INFOPLIST_KEY_UISupportedInterfaceOrientations_iPad = "UIInterfaceOrientationLandscapeLeft UIInterfaceOrientationLandscapeRight UIInterfaceOrientationPortrait UIInterfaceOrientationPortraitUpsideDown";
				IPHONEOS_DEPLOYMENT_TARGET = 13.4;
				LD_RUNPATH_SEARCH_PATHS = (
					"$(inherited)",
					"@executable_path/Frameworks",
				);
				MARKETING_VERSION = 1.0;
				PRODUCT_BUNDLE_IDENTIFIER = ru.yandex.practicum.Tracker;
				PRODUCT_NAME = "$(TARGET_NAME)";
				SUPPORTED_PLATFORMS = "iphoneos iphonesimulator";
				SUPPORTS_MACCATALYST = NO;
				SUPPORTS_MAC_DESIGNED_FOR_IPHONE_IPAD = NO;
				SWIFT_EMIT_LOC_STRINGS = YES;
				SWIFT_VERSION = 5.0;
				TARGETED_DEVICE_FAMILY = 1;
			};
			name = Debug;
		};
		A8AC66A82AF2A8EA00AA5C7E /* Release */ = {
			isa = XCBuildConfiguration;
			buildSettings = {
				ASSETCATALOG_COMPILER_APPICON_NAME = AppIcon;
				ASSETCATALOG_COMPILER_GLOBAL_ACCENT_COLOR_NAME = AccentColor;
				CODE_SIGN_STYLE = Automatic;
				CURRENT_PROJECT_VERSION = 1;
				GENERATE_INFOPLIST_FILE = YES;
				INFOPLIST_FILE = Tracker/Info.plist;
				INFOPLIST_KEY_UIApplicationSupportsIndirectInputEvents = YES;
				INFOPLIST_KEY_UILaunchStoryboardName = LaunchScreen;
				INFOPLIST_KEY_UIMainStoryboardFile = Main;
				INFOPLIST_KEY_UISupportedInterfaceOrientations = UIInterfaceOrientationPortrait;
				INFOPLIST_KEY_UISupportedInterfaceOrientations_iPad = "UIInterfaceOrientationLandscapeLeft UIInterfaceOrientationLandscapeRight UIInterfaceOrientationPortrait UIInterfaceOrientationPortraitUpsideDown";
				IPHONEOS_DEPLOYMENT_TARGET = 13.4;
				LD_RUNPATH_SEARCH_PATHS = (
					"$(inherited)",
					"@executable_path/Frameworks",
				);
				MARKETING_VERSION = 1.0;
				PRODUCT_BUNDLE_IDENTIFIER = ru.yandex.practicum.Tracker;
				PRODUCT_NAME = "$(TARGET_NAME)";
				SUPPORTED_PLATFORMS = "iphoneos iphonesimulator";
				SUPPORTS_MACCATALYST = NO;
				SUPPORTS_MAC_DESIGNED_FOR_IPHONE_IPAD = NO;
				SWIFT_EMIT_LOC_STRINGS = YES;
				SWIFT_VERSION = 5.0;
				TARGETED_DEVICE_FAMILY = 1;
			};
			name = Release;
		};
/* End XCBuildConfiguration section */

/* Begin XCConfigurationList section */
		A8AC668D2AF2A8E900AA5C7E /* Build configuration list for PBXProject "Tracker" */ = {
			isa = XCConfigurationList;
			buildConfigurations = (
				A8AC66A42AF2A8EA00AA5C7E /* Debug */,
				A8AC66A52AF2A8EA00AA5C7E /* Release */,
			);
			defaultConfigurationIsVisible = 0;
			defaultConfigurationName = Release;
		};
		A8AC66A62AF2A8EA00AA5C7E /* Build configuration list for PBXNativeTarget "Tracker" */ = {
			isa = XCConfigurationList;
			buildConfigurations = (
				A8AC66A72AF2A8EA00AA5C7E /* Debug */,
				A8AC66A82AF2A8EA00AA5C7E /* Release */,
			);
			defaultConfigurationIsVisible = 0;
			defaultConfigurationName = Release;
		};
/* End XCConfigurationList section */
	};
	rootObject = A8AC668A2AF2A8E900AA5C7E /* Project object */;
}
